{
	"name": "penc",
	"version": "0.4.0",
	"lockfileVersion": 1,
	"requires": true,
	"dependencies": {
		"@types/fs-extra": {
			"version": "8.1.0",
			"resolved": "https://registry.npmjs.org/@types/fs-extra/-/fs-extra-8.1.0.tgz",
			"integrity": "sha512-UoOfVEzAUpeSPmjm7h1uk5MH6KZma2z2O7a75onTGjnNvAvMVrPzPL/vBbT65iIGHWj6rokwfmYcmxmlSf2uwg==",
			"dev": true,
			"requires": {
				"@types/node": "*"
			}
		},
		"@types/node": {
			"version": "13.13.4",
			"resolved": "https://registry.npmjs.org/@types/node/-/node-13.13.4.tgz",
			"integrity": "sha512-x26ur3dSXgv5AwKS0lNfbjpCakGIduWU1DU91Zz58ONRWrIKGunmZBNv4P7N+e27sJkiGDsw/3fT4AtsqQBrBA==",
			"dev": true
		},
		"@types/pegjs": {
			"version": "0.10.1",
			"resolved": "https://registry.npmjs.org/@types/pegjs/-/pegjs-0.10.1.tgz",
			"integrity": "sha512-ra8IchO9odGQmYKbm+94K58UyKCEKdZh9y0vxhG4pIpOJOBlC1C+ZtBVr6jLs+/oJ4pl+1p/4t3JtBA8J10Vvw==",
			"dev": true
		},
		"@types/pkg-dir": {
			"version": "2.0.1",
			"resolved": "https://registry.npmjs.org/@types/pkg-dir/-/pkg-dir-2.0.1.tgz",
			"integrity": "sha512-/iK71pPn49Nh7+nwH5sZaihpaqsZzmGd6XfYRNioaL1bORtAa9mgXRtrK+tz3etQcgQJ4Mk0YFn9GQR8v/f17w==",
			"dev": true,
			"requires": {
				"pkg-dir": "*"
			}
		},
		"find-up": {
			"version": "4.1.0",
			"resolved": "https://registry.npmjs.org/find-up/-/find-up-4.1.0.tgz",
			"integrity": "sha512-PpOwAdQ/YlXQ2vj8a3h8IipDuYRi3wceVQQGYWxNINccq40Anw7BlsEXCMbt1Zt+OLA6Fq9suIpIWD0OsnISlw==",
			"requires": {
				"locate-path": "^5.0.0",
				"path-exists": "^4.0.0"
			}
		},
		"fs-extra": {
			"version": "8.1.0",
			"resolved": "https://registry.npmjs.org/fs-extra/-/fs-extra-8.1.0.tgz",
			"integrity": "sha512-yhlQgA6mnOJUKOsRUFsgJdQCvkKhcz8tlZG5HBQfReYZy46OwLcY+Zia0mtdHsOo9y/hP+CxMN0TU9QxoOtG4g==",
			"requires": {
				"graceful-fs": "^4.2.0",
				"jsonfile": "^4.0.0",
				"universalify": "^0.1.0"
			}
		},
		"graceful-fs": {
			"version": "4.2.4",
			"resolved": "https://registry.npmjs.org/graceful-fs/-/graceful-fs-4.2.4.tgz",
			"integrity": "sha512-WjKPNJF79dtJAVniUlGGWHYGz2jWxT6VhN/4m1NdkbZ2nOsEF+cI1Edgql5zCRhs/VsQYRvrXctxktVXZUkixw=="
		},
		"jsonfile": {
			"version": "4.0.0",
			"resolved": "https://registry.npmjs.org/jsonfile/-/jsonfile-4.0.0.tgz",
			"integrity": "sha1-h3Gq4HmbZAdrdmQPygWPnBDjPss=",
			"requires": {
				"graceful-fs": "^4.1.6"
			}
		},
		"locate-path": {
			"version": "5.0.0",
			"resolved": "https://registry.npmjs.org/locate-path/-/locate-path-5.0.0.tgz",
			"integrity": "sha512-t7hw9pI+WvuwNJXwk5zVHpyhIqzg2qTlklJOf0mVxGSbe3Fp2VieZcduNYjaLDoy6p9uGpQEGWG87WpMKlNq8g==",
			"requires": {
				"p-locate": "^4.1.0"
			}
		},
		"p-limit": {
			"version": "2.3.0",
			"resolved": "https://registry.npmjs.org/p-limit/-/p-limit-2.3.0.tgz",
			"integrity": "sha512-//88mFWSJx8lxCzwdAABTJL2MyWB12+eIY7MDL2SqLmAkeKU9qxRvWuSyTjm3FUmpBEMuFfckAIqEaVGUDxb6w==",
			"requires": {
				"p-try": "^2.0.0"
			}
		},
		"p-locate": {
			"version": "4.1.0",
			"resolved": "https://registry.npmjs.org/p-locate/-/p-locate-4.1.0.tgz",
			"integrity": "sha512-R79ZZ/0wAxKGu3oYMlz8jy/kbhsNrS7SKZ7PxEHBgJ5+F2mtFW2fK2cOtBh1cHYkQsbzFV7I+EoRKe6Yt0oK7A==",
			"requires": {
				"p-limit": "^2.2.0"
			}
		},
		"p-try": {
			"version": "2.2.0",
			"resolved": "https://registry.npmjs.org/p-try/-/p-try-2.2.0.tgz",
			"integrity": "sha512-R4nPAVTAU0B9D35/Gk3uJf/7XYbQcyohSKdvAxIRSNghFl4e71hVoGnBNQz9cWaXxO2I10KTC+3jMdvvoKw6dQ=="
		},
		"path-exists": {
			"version": "4.0.0",
			"resolved": "https://registry.npmjs.org/path-exists/-/path-exists-4.0.0.tgz",
			"integrity": "sha512-ak9Qy5Q7jYb2Wwcey5Fpvg2KoAc/ZIhLSLOSBmRmygPsGwkVVt0fZa0qrtMz+m6tJTAHfZQ8FnmB4MG4LWy7/w=="
		},
		"pegjs": {
			"version": "0.10.0",
			"resolved": "https://registry.npmjs.org/pegjs/-/pegjs-0.10.0.tgz",
			"integrity": "sha1-z4uvrm7d/0tafvsYUmnqr0YQ3b0="
		},
		"pkg-dir": {
			"version": "4.2.0",
			"resolved": "https://registry.npmjs.org/pkg-dir/-/pkg-dir-4.2.0.tgz",
			"integrity": "sha512-HRDzbaKjC+AOWVXxAU/x54COGeIv9eb+6CkDSQoNTt4XyWoIJvuPsXizxu/Fr23EiekbtZwmh1IcIG/l/a10GQ==",
			"requires": {
				"find-up": "^4.0.0"
			}
		},
		"universalify": {
			"version": "0.1.2",
			"resolved": "https://registry.npmjs.org/universalify/-/universalify-0.1.2.tgz",
			"integrity": "sha512-rBJeI5CXAlmy1pV+617WB9J63U6XcazHHF2f2dbJix4XzpUF0RS3Zbj0FGIOCAva5P/d/GBOYaACQ1w+0azUkg=="
		}
	}
}
